// !$*UTF8*$!
{
	archiveVersion = 1;
	classes = {
	};
	objectVersion = 56;
	objects = {

/* Begin PBXBuildFile section */
		590BD9922B039378002BE87C /* RegistrationApiClient.swift in Sources */ = {isa = PBXBuildFile; fileRef = 590BD9912B039378002BE87C /* RegistrationApiClient.swift */; };
		590BD9942B03B1CE002BE87C /* LocationsApiClient.swift in Sources */ = {isa = PBXBuildFile; fileRef = 590BD9932B03B1CE002BE87C /* LocationsApiClient.swift */; };
		590BD9972B03B21C002BE87C /* LocationsViewController.swift in Sources */ = {isa = PBXBuildFile; fileRef = 590BD9962B03B21C002BE87C /* LocationsViewController.swift */; };
		590BD9992B03B228002BE87C /* LocationsView.swift in Sources */ = {isa = PBXBuildFile; fileRef = 590BD9982B03B228002BE87C /* LocationsView.swift */; };
		590BD99B2B03B233002BE87C /* LocationsViewData.swift in Sources */ = {isa = PBXBuildFile; fileRef = 590BD99A2B03B233002BE87C /* LocationsViewData.swift */; };
		590BD99D2B03B240002BE87C /* LocationsDataProvider.swift in Sources */ = {isa = PBXBuildFile; fileRef = 590BD99C2B03B240002BE87C /* LocationsDataProvider.swift */; };
		590BD99F2B03B257002BE87C /* LocationsAssembly.swift in Sources */ = {isa = PBXBuildFile; fileRef = 590BD99E2B03B257002BE87C /* LocationsAssembly.swift */; };
		590BD9A12B03B26C002BE87C /* LocationsCoordinator.swift in Sources */ = {isa = PBXBuildFile; fileRef = 590BD9A02B03B26C002BE87C /* LocationsCoordinator.swift */; };
		59134BF82B025154000EA580 /* Location.swift in Sources */ = {isa = PBXBuildFile; fileRef = 59134BF72B025154000EA580 /* Location.swift */; };
		59134BFA2B0259CC000EA580 /* LocationsList.swift in Sources */ = {isa = PBXBuildFile; fileRef = 59134BF92B0259CC000EA580 /* LocationsList.swift */; };
		59134BFC2B025A3E000EA580 /* TokenResponse.swift in Sources */ = {isa = PBXBuildFile; fileRef = 59134BFB2B025A3E000EA580 /* TokenResponse.swift */; };
		59134BFF2B025AF6000EA580 /* ApiClient.swift in Sources */ = {isa = PBXBuildFile; fileRef = 59134BFE2B025AF6000EA580 /* ApiClient.swift */; };
		59134C012B025B60000EA580 /* NetworkConstants.swift in Sources */ = {isa = PBXBuildFile; fileRef = 59134C002B025B60000EA580 /* NetworkConstants.swift */; };
		59134C032B025CB7000EA580 /* ApiError.swift in Sources */ = {isa = PBXBuildFile; fileRef = 59134C022B025CB7000EA580 /* ApiError.swift */; };
		59134C052B026011000EA580 /* AuthApiClient.swift in Sources */ = {isa = PBXBuildFile; fileRef = 59134C042B026011000EA580 /* AuthApiClient.swift */; };
		5940FB2A2AE92FBA007FBDEF /* CharacterGenerator.swift in Sources */ = {isa = PBXBuildFile; fileRef = 5940FB292AE92FBA007FBDEF /* CharacterGenerator.swift */; };
		5951D6FC2AE8211B0042C0EB /* AppDelegate.swift in Sources */ = {isa = PBXBuildFile; fileRef = 5951D6FB2AE8211B0042C0EB /* AppDelegate.swift */; };
		5951D6FE2AE8211B0042C0EB /* SceneDelegate.swift in Sources */ = {isa = PBXBuildFile; fileRef = 5951D6FD2AE8211B0042C0EB /* SceneDelegate.swift */; };
		5951D7002AE8211B0042C0EB /* ViewController.swift in Sources */ = {isa = PBXBuildFile; fileRef = 5951D6FF2AE8211B0042C0EB /* ViewController.swift */; };
		5951D7052AE8211D0042C0EB /* Assets.xcassets in Resources */ = {isa = PBXBuildFile; fileRef = 5951D7042AE8211D0042C0EB /* Assets.xcassets */; };
		5951D7082AE8211D0042C0EB /* LaunchScreen.storyboard in Resources */ = {isa = PBXBuildFile; fileRef = 5951D7062AE8211D0042C0EB /* LaunchScreen.storyboard */; };
		5951D7102AE8267B0042C0EB /* ColorGenerator.swift in Sources */ = {isa = PBXBuildFile; fileRef = 5951D70F2AE8267B0042C0EB /* ColorGenerator.swift */; };
		596018F62AEAA5CE00AB04A5 /* Assembly.swift in Sources */ = {isa = PBXBuildFile; fileRef = 596018F52AEAA5CE00AB04A5 /* Assembly.swift */; };
		598959972AFD12A400C36DC9 /* SplashDataProvider.swift in Sources */ = {isa = PBXBuildFile; fileRef = 598959962AFD12A400C36DC9 /* SplashDataProvider.swift */; };
		598959992AFD12FD00C36DC9 /* SplashViewData.swift in Sources */ = {isa = PBXBuildFile; fileRef = 598959982AFD12FD00C36DC9 /* SplashViewData.swift */; };
		5989599B2AFD132300C36DC9 /* SplashView.swift in Sources */ = {isa = PBXBuildFile; fileRef = 5989599A2AFD132300C36DC9 /* SplashView.swift */; };
		5989599F2AFD138400C36DC9 /* SplashViewController.swift in Sources */ = {isa = PBXBuildFile; fileRef = 5989599E2AFD138400C36DC9 /* SplashViewController.swift */; };
		598959A12AFD141700C36DC9 /* SplashCoordinator.swift in Sources */ = {isa = PBXBuildFile; fileRef = 598959A02AFD141700C36DC9 /* SplashCoordinator.swift */; };
		598959A32AFD147300C36DC9 /* SplashAssembly.swift in Sources */ = {isa = PBXBuildFile; fileRef = 598959A22AFD147300C36DC9 /* SplashAssembly.swift */; };
		59BFBFBF2B05055B000F3925 /* CharactersViewController.swift in Sources */ = {isa = PBXBuildFile; fileRef = 59BFBFBE2B05055B000F3925 /* CharactersViewController.swift */; };
		59BFBFC12B05056E000F3925 /* CharactersView.swift in Sources */ = {isa = PBXBuildFile; fileRef = 59BFBFC02B05056E000F3925 /* CharactersView.swift */; };
		59BFBFC32B050583000F3925 /* CharactersViewData.swift in Sources */ = {isa = PBXBuildFile; fileRef = 59BFBFC22B050583000F3925 /* CharactersViewData.swift */; };
		59BFBFC52B050590000F3925 /* CharactersDataProvider.swift in Sources */ = {isa = PBXBuildFile; fileRef = 59BFBFC42B050590000F3925 /* CharactersDataProvider.swift */; };
		59BFBFC72B0505A0000F3925 /* CharactersAssembly.swift in Sources */ = {isa = PBXBuildFile; fileRef = 59BFBFC62B0505A0000F3925 /* CharactersAssembly.swift */; };
		59BFBFC92B0505B0000F3925 /* CharactersCoordinator.swift in Sources */ = {isa = PBXBuildFile; fileRef = 59BFBFC82B0505B0000F3925 /* CharactersCoordinator.swift */; };
		59BFBFCB2B050A42000F3925 /* Character.swift in Sources */ = {isa = PBXBuildFile; fileRef = 59BFBFCA2B050A42000F3925 /* Character.swift */; };
		59BFBFCD2B050E1D000F3925 /* CharacterApiClient.swift in Sources */ = {isa = PBXBuildFile; fileRef = 59BFBFCC2B050E1D000F3925 /* CharacterApiClient.swift */; };
		59CE146E2AFE195900C49AE9 /* RegistrationViewController.swift in Sources */ = {isa = PBXBuildFile; fileRef = 59CE146D2AFE195900C49AE9 /* RegistrationViewController.swift */; };
		59CE14702AFE1AD300C49AE9 /* RegistrationView.swift in Sources */ = {isa = PBXBuildFile; fileRef = 59CE146F2AFE1AD300C49AE9 /* RegistrationView.swift */; };
		59CE14722AFE1BDB00C49AE9 /* RegistrationViewData.swift in Sources */ = {isa = PBXBuildFile; fileRef = 59CE14712AFE1BDB00C49AE9 /* RegistrationViewData.swift */; };
		59CE14742AFE1C1A00C49AE9 /* RegistrationDataProvider.swift in Sources */ = {isa = PBXBuildFile; fileRef = 59CE14732AFE1C1A00C49AE9 /* RegistrationDataProvider.swift */; };
		59CE14762AFE1CA700C49AE9 /* RegistrationAssembly.swift in Sources */ = {isa = PBXBuildFile; fileRef = 59CE14752AFE1CA700C49AE9 /* RegistrationAssembly.swift */; };
		59CE14782AFE1FA700C49AE9 /* RegistrationCoordinator.swift in Sources */ = {isa = PBXBuildFile; fileRef = 59CE14772AFE1FA700C49AE9 /* RegistrationCoordinator.swift */; };
		59CE9CC52AF9185C00E5A110 /* BaseCoordinator.swift in Sources */ = {isa = PBXBuildFile; fileRef = 59CE9CC42AF9185C00E5A110 /* BaseCoordinator.swift */; };
		59CE9CC72AF9194000E5A110 /* AppCoordinator.swift in Sources */ = {isa = PBXBuildFile; fileRef = 59CE9CC62AF9194000E5A110 /* AppCoordinator.swift */; };
		59CE9CCB2AF922E900E5A110 /* AuthViewController.swift in Sources */ = {isa = PBXBuildFile; fileRef = 59CE9CCA2AF922E900E5A110 /* AuthViewController.swift */; };
		59CE9CCD2AF9230D00E5A110 /* AuthView.swift in Sources */ = {isa = PBXBuildFile; fileRef = 59CE9CCC2AF9230D00E5A110 /* AuthView.swift */; };
		59CE9CCF2AF9242B00E5A110 /* AuthViewData.swift in Sources */ = {isa = PBXBuildFile; fileRef = 59CE9CCE2AF9242B00E5A110 /* AuthViewData.swift */; };
		59CE9CD12AF9245800E5A110 /* AuthDataProvider.swift in Sources */ = {isa = PBXBuildFile; fileRef = 59CE9CD02AF9245800E5A110 /* AuthDataProvider.swift */; };
		59CE9CD32AF9249600E5A110 /* AuthAssembly.swift in Sources */ = {isa = PBXBuildFile; fileRef = 59CE9CD22AF9249600E5A110 /* AuthAssembly.swift */; };
		59CE9CD52AF9261800E5A110 /* AuthCoordinator.swift in Sources */ = {isa = PBXBuildFile; fileRef = 59CE9CD42AF9261800E5A110 /* AuthCoordinator.swift */; };
/* End PBXBuildFile section */

/* Begin PBXFileReference section */
		590BD9912B039378002BE87C /* RegistrationApiClient.swift */ = {isa = PBXFileReference; lastKnownFileType = sourcecode.swift; path = RegistrationApiClient.swift; sourceTree = "<group>"; };
		590BD9932B03B1CE002BE87C /* LocationsApiClient.swift */ = {isa = PBXFileReference; lastKnownFileType = sourcecode.swift; path = LocationsApiClient.swift; sourceTree = "<group>"; };
		590BD9962B03B21C002BE87C /* LocationsViewController.swift */ = {isa = PBXFileReference; lastKnownFileType = sourcecode.swift; path = LocationsViewController.swift; sourceTree = "<group>"; };
		590BD9982B03B228002BE87C /* LocationsView.swift */ = {isa = PBXFileReference; lastKnownFileType = sourcecode.swift; path = LocationsView.swift; sourceTree = "<group>"; };
		590BD99A2B03B233002BE87C /* LocationsViewData.swift */ = {isa = PBXFileReference; lastKnownFileType = sourcecode.swift; path = LocationsViewData.swift; sourceTree = "<group>"; };
		590BD99C2B03B240002BE87C /* LocationsDataProvider.swift */ = {isa = PBXFileReference; lastKnownFileType = sourcecode.swift; path = LocationsDataProvider.swift; sourceTree = "<group>"; };
		590BD99E2B03B257002BE87C /* LocationsAssembly.swift */ = {isa = PBXFileReference; lastKnownFileType = sourcecode.swift; path = LocationsAssembly.swift; sourceTree = "<group>"; };
		590BD9A02B03B26C002BE87C /* LocationsCoordinator.swift */ = {isa = PBXFileReference; lastKnownFileType = sourcecode.swift; path = LocationsCoordinator.swift; sourceTree = "<group>"; };
		59134BF72B025154000EA580 /* Location.swift */ = {isa = PBXFileReference; lastKnownFileType = sourcecode.swift; path = Location.swift; sourceTree = "<group>"; };
		59134BF92B0259CC000EA580 /* LocationsList.swift */ = {isa = PBXFileReference; lastKnownFileType = sourcecode.swift; path = LocationsList.swift; sourceTree = "<group>"; };
		59134BFB2B025A3E000EA580 /* TokenResponse.swift */ = {isa = PBXFileReference; lastKnownFileType = sourcecode.swift; path = TokenResponse.swift; sourceTree = "<group>"; };
		59134BFE2B025AF6000EA580 /* ApiClient.swift */ = {isa = PBXFileReference; lastKnownFileType = sourcecode.swift; path = ApiClient.swift; sourceTree = "<group>"; };
		59134C002B025B60000EA580 /* NetworkConstants.swift */ = {isa = PBXFileReference; lastKnownFileType = sourcecode.swift; path = NetworkConstants.swift; sourceTree = "<group>"; };
		59134C022B025CB7000EA580 /* ApiError.swift */ = {isa = PBXFileReference; lastKnownFileType = sourcecode.swift; path = ApiError.swift; sourceTree = "<group>"; };
		59134C042B026011000EA580 /* AuthApiClient.swift */ = {isa = PBXFileReference; lastKnownFileType = sourcecode.swift; path = AuthApiClient.swift; sourceTree = "<group>"; };
		5940FB292AE92FBA007FBDEF /* CharacterGenerator.swift */ = {isa = PBXFileReference; lastKnownFileType = sourcecode.swift; path = CharacterGenerator.swift; sourceTree = "<group>"; };
		5951D6F82AE8211B0042C0EB /* iosSchool_hshs.app */ = {isa = PBXFileReference; explicitFileType = wrapper.application; includeInIndex = 0; path = iosSchool_hshs.app; sourceTree = BUILT_PRODUCTS_DIR; };
		5951D6FB2AE8211B0042C0EB /* AppDelegate.swift */ = {isa = PBXFileReference; lastKnownFileType = sourcecode.swift; path = AppDelegate.swift; sourceTree = "<group>"; };
		5951D6FD2AE8211B0042C0EB /* SceneDelegate.swift */ = {isa = PBXFileReference; lastKnownFileType = sourcecode.swift; path = SceneDelegate.swift; sourceTree = "<group>"; };
		5951D6FF2AE8211B0042C0EB /* ViewController.swift */ = {isa = PBXFileReference; lastKnownFileType = sourcecode.swift; path = ViewController.swift; sourceTree = "<group>"; };
		5951D7042AE8211D0042C0EB /* Assets.xcassets */ = {isa = PBXFileReference; lastKnownFileType = folder.assetcatalog; path = Assets.xcassets; sourceTree = "<group>"; };
		5951D7072AE8211D0042C0EB /* Base */ = {isa = PBXFileReference; lastKnownFileType = file.storyboard; name = Base; path = Base.lproj/LaunchScreen.storyboard; sourceTree = "<group>"; };
		5951D7092AE8211D0042C0EB /* Info.plist */ = {isa = PBXFileReference; lastKnownFileType = text.plist.xml; path = Info.plist; sourceTree = "<group>"; };
		5951D70F2AE8267B0042C0EB /* ColorGenerator.swift */ = {isa = PBXFileReference; lastKnownFileType = sourcecode.swift; path = ColorGenerator.swift; sourceTree = "<group>"; };
		596018F52AEAA5CE00AB04A5 /* Assembly.swift */ = {isa = PBXFileReference; lastKnownFileType = sourcecode.swift; path = Assembly.swift; sourceTree = "<group>"; };
		598959962AFD12A400C36DC9 /* SplashDataProvider.swift */ = {isa = PBXFileReference; lastKnownFileType = sourcecode.swift; path = SplashDataProvider.swift; sourceTree = "<group>"; };
		598959982AFD12FD00C36DC9 /* SplashViewData.swift */ = {isa = PBXFileReference; lastKnownFileType = sourcecode.swift; path = SplashViewData.swift; sourceTree = "<group>"; };
		5989599A2AFD132300C36DC9 /* SplashView.swift */ = {isa = PBXFileReference; lastKnownFileType = sourcecode.swift; path = SplashView.swift; sourceTree = "<group>"; };
		5989599E2AFD138400C36DC9 /* SplashViewController.swift */ = {isa = PBXFileReference; lastKnownFileType = sourcecode.swift; path = SplashViewController.swift; sourceTree = "<group>"; };
		598959A02AFD141700C36DC9 /* SplashCoordinator.swift */ = {isa = PBXFileReference; lastKnownFileType = sourcecode.swift; path = SplashCoordinator.swift; sourceTree = "<group>"; };
		598959A22AFD147300C36DC9 /* SplashAssembly.swift */ = {isa = PBXFileReference; lastKnownFileType = sourcecode.swift; path = SplashAssembly.swift; sourceTree = "<group>"; };
		59BFBFBE2B05055B000F3925 /* CharactersViewController.swift */ = {isa = PBXFileReference; lastKnownFileType = sourcecode.swift; path = CharactersViewController.swift; sourceTree = "<group>"; };
		59BFBFC02B05056E000F3925 /* CharactersView.swift */ = {isa = PBXFileReference; lastKnownFileType = sourcecode.swift; path = CharactersView.swift; sourceTree = "<group>"; };
		59BFBFC22B050583000F3925 /* CharactersViewData.swift */ = {isa = PBXFileReference; lastKnownFileType = sourcecode.swift; path = CharactersViewData.swift; sourceTree = "<group>"; };
		59BFBFC42B050590000F3925 /* CharactersDataProvider.swift */ = {isa = PBXFileReference; lastKnownFileType = sourcecode.swift; path = CharactersDataProvider.swift; sourceTree = "<group>"; };
		59BFBFC62B0505A0000F3925 /* CharactersAssembly.swift */ = {isa = PBXFileReference; lastKnownFileType = sourcecode.swift; path = CharactersAssembly.swift; sourceTree = "<group>"; };
		59BFBFC82B0505B0000F3925 /* CharactersCoordinator.swift */ = {isa = PBXFileReference; lastKnownFileType = sourcecode.swift; path = CharactersCoordinator.swift; sourceTree = "<group>"; };
		59BFBFCA2B050A42000F3925 /* Character.swift */ = {isa = PBXFileReference; lastKnownFileType = sourcecode.swift; path = Character.swift; sourceTree = "<group>"; };
		59BFBFCC2B050E1D000F3925 /* CharacterApiClient.swift */ = {isa = PBXFileReference; lastKnownFileType = sourcecode.swift; path = CharacterApiClient.swift; sourceTree = "<group>"; };
		59CE146D2AFE195900C49AE9 /* RegistrationViewController.swift */ = {isa = PBXFileReference; lastKnownFileType = sourcecode.swift; path = RegistrationViewController.swift; sourceTree = "<group>"; };
		59CE146F2AFE1AD300C49AE9 /* RegistrationView.swift */ = {isa = PBXFileReference; lastKnownFileType = sourcecode.swift; path = RegistrationView.swift; sourceTree = "<group>"; };
		59CE14712AFE1BDB00C49AE9 /* RegistrationViewData.swift */ = {isa = PBXFileReference; lastKnownFileType = sourcecode.swift; path = RegistrationViewData.swift; sourceTree = "<group>"; };
		59CE14732AFE1C1A00C49AE9 /* RegistrationDataProvider.swift */ = {isa = PBXFileReference; lastKnownFileType = sourcecode.swift; path = RegistrationDataProvider.swift; sourceTree = "<group>"; };
		59CE14752AFE1CA700C49AE9 /* RegistrationAssembly.swift */ = {isa = PBXFileReference; lastKnownFileType = sourcecode.swift; path = RegistrationAssembly.swift; sourceTree = "<group>"; };
		59CE14772AFE1FA700C49AE9 /* RegistrationCoordinator.swift */ = {isa = PBXFileReference; lastKnownFileType = sourcecode.swift; path = RegistrationCoordinator.swift; sourceTree = "<group>"; };
		59CE9CC42AF9185C00E5A110 /* BaseCoordinator.swift */ = {isa = PBXFileReference; lastKnownFileType = sourcecode.swift; path = BaseCoordinator.swift; sourceTree = "<group>"; };
		59CE9CC62AF9194000E5A110 /* AppCoordinator.swift */ = {isa = PBXFileReference; lastKnownFileType = sourcecode.swift; path = AppCoordinator.swift; sourceTree = "<group>"; };
		59CE9CCA2AF922E900E5A110 /* AuthViewController.swift */ = {isa = PBXFileReference; lastKnownFileType = sourcecode.swift; path = AuthViewController.swift; sourceTree = "<group>"; };
		59CE9CCC2AF9230D00E5A110 /* AuthView.swift */ = {isa = PBXFileReference; lastKnownFileType = sourcecode.swift; path = AuthView.swift; sourceTree = "<group>"; };
		59CE9CCE2AF9242B00E5A110 /* AuthViewData.swift */ = {isa = PBXFileReference; lastKnownFileType = sourcecode.swift; path = AuthViewData.swift; sourceTree = "<group>"; };
		59CE9CD02AF9245800E5A110 /* AuthDataProvider.swift */ = {isa = PBXFileReference; lastKnownFileType = sourcecode.swift; path = AuthDataProvider.swift; sourceTree = "<group>"; };
		59CE9CD22AF9249600E5A110 /* AuthAssembly.swift */ = {isa = PBXFileReference; lastKnownFileType = sourcecode.swift; path = AuthAssembly.swift; sourceTree = "<group>"; };
		59CE9CD42AF9261800E5A110 /* AuthCoordinator.swift */ = {isa = PBXFileReference; lastKnownFileType = sourcecode.swift; path = AuthCoordinator.swift; sourceTree = "<group>"; };
/* End PBXFileReference section */

/* Begin PBXFrameworksBuildPhase section */
		5951D6F52AE8211B0042C0EB /* Frameworks */ = {
			isa = PBXFrameworksBuildPhase;
			buildActionMask = 2147483647;
			files = (
			);
			runOnlyForDeploymentPostprocessing = 0;
		};
/* End PBXFrameworksBuildPhase section */

/* Begin PBXGroup section */
		590BD9952B03B1FC002BE87C /* Locations */ = {
			isa = PBXGroup;
			children = (
				590BD9962B03B21C002BE87C /* LocationsViewController.swift */,
				590BD9982B03B228002BE87C /* LocationsView.swift */,
				590BD99A2B03B233002BE87C /* LocationsViewData.swift */,
				590BD99C2B03B240002BE87C /* LocationsDataProvider.swift */,
				590BD99E2B03B257002BE87C /* LocationsAssembly.swift */,
				590BD9A02B03B26C002BE87C /* LocationsCoordinator.swift */,
			);
			path = Locations;
			sourceTree = "<group>";
		};
		59134BF62B02511B000EA580 /* Models */ = {
			isa = PBXGroup;
			children = (
				59134BF72B025154000EA580 /* Location.swift */,
				59134BF92B0259CC000EA580 /* LocationsList.swift */,
				59134BFB2B025A3E000EA580 /* TokenResponse.swift */,
				59BFBFCA2B050A42000F3925 /* Character.swift */,
			);
			path = Models;
			sourceTree = "<group>";
		};
		59134BFD2B025AE2000EA580 /* ApiClient */ = {
			isa = PBXGroup;
			children = (
				59134BFE2B025AF6000EA580 /* ApiClient.swift */,
				59134C002B025B60000EA580 /* NetworkConstants.swift */,
				59134C022B025CB7000EA580 /* ApiError.swift */,
				59134C042B026011000EA580 /* AuthApiClient.swift */,
				590BD9912B039378002BE87C /* RegistrationApiClient.swift */,
				590BD9932B03B1CE002BE87C /* LocationsApiClient.swift */,
				59BFBFCC2B050E1D000F3925 /* CharacterApiClient.swift */,
			);
			path = ApiClient;
			sourceTree = "<group>";
		};
		5951D6EF2AE8211B0042C0EB = {
			isa = PBXGroup;
			children = (
				5951D6FA2AE8211B0042C0EB /* iosSchool_hshs */,
				5951D6F92AE8211B0042C0EB /* Products */,
			);
			sourceTree = "<group>";
		};
		5951D6F92AE8211B0042C0EB /* Products */ = {
			isa = PBXGroup;
			children = (
				5951D6F82AE8211B0042C0EB /* iosSchool_hshs.app */,
			);
			name = Products;
			sourceTree = "<group>";
		};
		5951D6FA2AE8211B0042C0EB /* iosSchool_hshs */ = {
			isa = PBXGroup;
			children = (
				59134BFD2B025AE2000EA580 /* ApiClient */,
				59134BF62B02511B000EA580 /* Models */,
				59CE9CC82AF9222E00E5A110 /* Modules */,
				5940FB292AE92FBA007FBDEF /* CharacterGenerator.swift */,
				5951D70F2AE8267B0042C0EB /* ColorGenerator.swift */,
				5951D6FB2AE8211B0042C0EB /* AppDelegate.swift */,
				5951D6FD2AE8211B0042C0EB /* SceneDelegate.swift */,
				5951D6FF2AE8211B0042C0EB /* ViewController.swift */,
				5951D7042AE8211D0042C0EB /* Assets.xcassets */,
				5951D7062AE8211D0042C0EB /* LaunchScreen.storyboard */,
				5951D7092AE8211D0042C0EB /* Info.plist */,
				596018F52AEAA5CE00AB04A5 /* Assembly.swift */,
				59CE9CC62AF9194000E5A110 /* AppCoordinator.swift */,
				59CE9CC42AF9185C00E5A110 /* BaseCoordinator.swift */,
			);
			path = iosSchool_hshs;
			sourceTree = "<group>";
		};
		598959952AFD128800C36DC9 /* Splash */ = {
			isa = PBXGroup;
			children = (
				598959962AFD12A400C36DC9 /* SplashDataProvider.swift */,
				598959982AFD12FD00C36DC9 /* SplashViewData.swift */,
				5989599A2AFD132300C36DC9 /* SplashView.swift */,
				5989599E2AFD138400C36DC9 /* SplashViewController.swift */,
				598959A02AFD141700C36DC9 /* SplashCoordinator.swift */,
				598959A22AFD147300C36DC9 /* SplashAssembly.swift */,
			);
			path = Splash;
			sourceTree = "<group>";
		};
		59BFBFBD2B05053A000F3925 /* Characters */ = {
			isa = PBXGroup;
			children = (
				59BFBFBE2B05055B000F3925 /* CharactersViewController.swift */,
				59BFBFC02B05056E000F3925 /* CharactersView.swift */,
				59BFBFC22B050583000F3925 /* CharactersViewData.swift */,
				59BFBFC42B050590000F3925 /* CharactersDataProvider.swift */,
				59BFBFC62B0505A0000F3925 /* CharactersAssembly.swift */,
				59BFBFC82B0505B0000F3925 /* CharactersCoordinator.swift */,
			);
			path = Characters;
			sourceTree = "<group>";
		};
		59CE146C2AFE190E00C49AE9 /* Registration */ = {
			isa = PBXGroup;
			children = (
				59CE146D2AFE195900C49AE9 /* RegistrationViewController.swift */,
				59CE146F2AFE1AD300C49AE9 /* RegistrationView.swift */,
				59CE14712AFE1BDB00C49AE9 /* RegistrationViewData.swift */,
				59CE14732AFE1C1A00C49AE9 /* RegistrationDataProvider.swift */,
				59CE14752AFE1CA700C49AE9 /* RegistrationAssembly.swift */,
				59CE14772AFE1FA700C49AE9 /* RegistrationCoordinator.swift */,
			);
			path = Registration;
			sourceTree = "<group>";
		};
		59CE9CC82AF9222E00E5A110 /* Modules */ = {
			isa = PBXGroup;
			children = (
				59BFBFBD2B05053A000F3925 /* Characters */,
				590BD9952B03B1FC002BE87C /* Locations */,
				59CE146C2AFE190E00C49AE9 /* Registration */,
				598959952AFD128800C36DC9 /* Splash */,
				59CE9CC92AF9225300E5A110 /* Auth */,
			);
			path = Modules;
			sourceTree = "<group>";
		};
		59CE9CC92AF9225300E5A110 /* Auth */ = {
			isa = PBXGroup;
			children = (
				59CE9CCA2AF922E900E5A110 /* AuthViewController.swift */,
				59CE9CCC2AF9230D00E5A110 /* AuthView.swift */,
				59CE9CCE2AF9242B00E5A110 /* AuthViewData.swift */,
				59CE9CD02AF9245800E5A110 /* AuthDataProvider.swift */,
				59CE9CD22AF9249600E5A110 /* AuthAssembly.swift */,
				59CE9CD42AF9261800E5A110 /* AuthCoordinator.swift */,
			);
			path = Auth;
			sourceTree = "<group>";
		};
/* End PBXGroup section */

/* Begin PBXNativeTarget section */
		5951D6F72AE8211B0042C0EB /* iosSchool_hshs */ = {
			isa = PBXNativeTarget;
			buildConfigurationList = 5951D70C2AE8211D0042C0EB /* Build configuration list for PBXNativeTarget "iosSchool_hshs" */;
			buildPhases = (
				5951D6F42AE8211B0042C0EB /* Sources */,
				5951D6F52AE8211B0042C0EB /* Frameworks */,
				5951D6F62AE8211B0042C0EB /* Resources */,
				5951D7112AE828070042C0EB /* ShellScript */,
			);
			buildRules = (
			);
			dependencies = (
			);
			name = iosSchool_hshs;
			productName = iosSchool_hshs;
			productReference = 5951D6F82AE8211B0042C0EB /* iosSchool_hshs.app */;
			productType = "com.apple.product-type.application";
		};
/* End PBXNativeTarget section */

/* Begin PBXProject section */
		5951D6F02AE8211B0042C0EB /* Project object */ = {
			isa = PBXProject;
			attributes = {
				BuildIndependentTargetsInParallel = 1;
				LastSwiftUpdateCheck = 1500;
				LastUpgradeCheck = 1500;
				TargetAttributes = {
					5951D6F72AE8211B0042C0EB = {
						CreatedOnToolsVersion = 15.0;
					};
				};
			};
			buildConfigurationList = 5951D6F32AE8211B0042C0EB /* Build configuration list for PBXProject "iosSchool_hshs" */;
			compatibilityVersion = "Xcode 14.0";
			developmentRegion = en;
			hasScannedForEncodings = 0;
			knownRegions = (
				en,
				Base,
			);
			mainGroup = 5951D6EF2AE8211B0042C0EB;
			productRefGroup = 5951D6F92AE8211B0042C0EB /* Products */;
			projectDirPath = "";
			projectRoot = "";
			targets = (
				5951D6F72AE8211B0042C0EB /* iosSchool_hshs */,
			);
		};
/* End PBXProject section */

/* Begin PBXResourcesBuildPhase section */
		5951D6F62AE8211B0042C0EB /* Resources */ = {
			isa = PBXResourcesBuildPhase;
			buildActionMask = 2147483647;
			files = (
				5951D7082AE8211D0042C0EB /* LaunchScreen.storyboard in Resources */,
				5951D7052AE8211D0042C0EB /* Assets.xcassets in Resources */,
			);
			runOnlyForDeploymentPostprocessing = 0;
		};
/* End PBXResourcesBuildPhase section */

/* Begin PBXShellScriptBuildPhase section */
		5951D7112AE828070042C0EB /* ShellScript */ = {
			isa = PBXShellScriptBuildPhase;
			alwaysOutOfDate = 1;
			buildActionMask = 2147483647;
			files = (
			);
			inputFileListPaths = (
			);
			inputPaths = (
			);
			outputFileListPaths = (
			);
			outputPaths = (
			);
			runOnlyForDeploymentPostprocessing = 0;
			shellPath = /bin/sh;
			shellScript = "export PATH=\"$PATH:/opt/homebrew/bin\"\nif which swiftlint > /dev/null; then\n  swiftlint\nelse\n  echo \"warning: SwiftLint not installed\"\nfi\n";
			showEnvVarsInLog = 0;
		};
/* End PBXShellScriptBuildPhase section */

/* Begin PBXSourcesBuildPhase section */
		5951D6F42AE8211B0042C0EB /* Sources */ = {
			isa = PBXSourcesBuildPhase;
			buildActionMask = 2147483647;
			files = (
				5951D7002AE8211B0042C0EB /* ViewController.swift in Sources */,
				596018F62AEAA5CE00AB04A5 /* Assembly.swift in Sources */,
				5989599B2AFD132300C36DC9 /* SplashView.swift in Sources */,
				59134C052B026011000EA580 /* AuthApiClient.swift in Sources */,
				590BD9942B03B1CE002BE87C /* LocationsApiClient.swift in Sources */,
				59134C012B025B60000EA580 /* NetworkConstants.swift in Sources */,
				590BD9A12B03B26C002BE87C /* LocationsCoordinator.swift in Sources */,
				5989599F2AFD138400C36DC9 /* SplashViewController.swift in Sources */,
				5951D7102AE8267B0042C0EB /* ColorGenerator.swift in Sources */,
				59CE14782AFE1FA700C49AE9 /* RegistrationCoordinator.swift in Sources */,
				598959A12AFD141700C36DC9 /* SplashCoordinator.swift in Sources */,
				59CE9CC52AF9185C00E5A110 /* BaseCoordinator.swift in Sources */,
				590BD9972B03B21C002BE87C /* LocationsViewController.swift in Sources */,
				59BFBFC92B0505B0000F3925 /* CharactersCoordinator.swift in Sources */,
				59CE9CD52AF9261800E5A110 /* AuthCoordinator.swift in Sources */,
				59BFBFBF2B05055B000F3925 /* CharactersViewController.swift in Sources */,
				59BFBFCD2B050E1D000F3925 /* CharacterApiClient.swift in Sources */,
				59CE14762AFE1CA700C49AE9 /* RegistrationAssembly.swift in Sources */,
				59CE9CC72AF9194000E5A110 /* AppCoordinator.swift in Sources */,
				59BFBFC72B0505A0000F3925 /* CharactersAssembly.swift in Sources */,
				5951D6FC2AE8211B0042C0EB /* AppDelegate.swift in Sources */,
				59134C032B025CB7000EA580 /* ApiError.swift in Sources */,
				59CE14702AFE1AD300C49AE9 /* RegistrationView.swift in Sources */,
				59134BFC2B025A3E000EA580 /* TokenResponse.swift in Sources */,
				59CE9CCF2AF9242B00E5A110 /* AuthViewData.swift in Sources */,
				59CE9CCD2AF9230D00E5A110 /* AuthView.swift in Sources */,
				59BFBFC12B05056E000F3925 /* CharactersView.swift in Sources */,
				59CE146E2AFE195900C49AE9 /* RegistrationViewController.swift in Sources */,
				59CE9CD12AF9245800E5A110 /* AuthDataProvider.swift in Sources */,
				5940FB2A2AE92FBA007FBDEF /* CharacterGenerator.swift in Sources */,
				59134BF82B025154000EA580 /* Location.swift in Sources */,
				59CE9CCB2AF922E900E5A110 /* AuthViewController.swift in Sources */,
				5951D6FE2AE8211B0042C0EB /* SceneDelegate.swift in Sources */,
				59CE14742AFE1C1A00C49AE9 /* RegistrationDataProvider.swift in Sources */,
				59BFBFC52B050590000F3925 /* CharactersDataProvider.swift in Sources */,
				59134BFA2B0259CC000EA580 /* LocationsList.swift in Sources */,
				59CE9CD32AF9249600E5A110 /* AuthAssembly.swift in Sources */,
				590BD99F2B03B257002BE87C /* LocationsAssembly.swift in Sources */,
				59CE14722AFE1BDB00C49AE9 /* RegistrationViewData.swift in Sources */,
				598959972AFD12A400C36DC9 /* SplashDataProvider.swift in Sources */,
				59BFBFCB2B050A42000F3925 /* Character.swift in Sources */,
				59BFBFC32B050583000F3925 /* CharactersViewData.swift in Sources */,
				590BD99D2B03B240002BE87C /* LocationsDataProvider.swift in Sources */,
				590BD9992B03B228002BE87C /* LocationsView.swift in Sources */,
				590BD9922B039378002BE87C /* RegistrationApiClient.swift in Sources */,
				598959A32AFD147300C36DC9 /* SplashAssembly.swift in Sources */,
				590BD99B2B03B233002BE87C /* LocationsViewData.swift in Sources */,
				598959992AFD12FD00C36DC9 /* SplashViewData.swift in Sources */,
				59134BFF2B025AF6000EA580 /* ApiClient.swift in Sources */,
			);
			runOnlyForDeploymentPostprocessing = 0;
		};
/* End PBXSourcesBuildPhase section */

/* Begin PBXVariantGroup section */
		5951D7062AE8211D0042C0EB /* LaunchScreen.storyboard */ = {
			isa = PBXVariantGroup;
			children = (
				5951D7072AE8211D0042C0EB /* Base */,
			);
			name = LaunchScreen.storyboard;
			sourceTree = "<group>";
		};
/* End PBXVariantGroup section */

/* Begin XCBuildConfiguration section */
		5951D70A2AE8211D0042C0EB /* Debug */ = {
			isa = XCBuildConfiguration;
			buildSettings = {
				ALWAYS_SEARCH_USER_PATHS = NO;
				ASSETCATALOG_COMPILER_GENERATE_SWIFT_ASSET_SYMBOL_EXTENSIONS = YES;
				CLANG_ANALYZER_NONNULL = YES;
				CLANG_ANALYZER_NUMBER_OBJECT_CONVERSION = YES_AGGRESSIVE;
				CLANG_CXX_LANGUAGE_STANDARD = "gnu++20";
				CLANG_ENABLE_MODULES = YES;
				CLANG_ENABLE_OBJC_ARC = YES;
				CLANG_ENABLE_OBJC_WEAK = YES;
				CLANG_WARN_BLOCK_CAPTURE_AUTORELEASING = YES;
				CLANG_WARN_BOOL_CONVERSION = YES;
				CLANG_WARN_COMMA = YES;
				CLANG_WARN_CONSTANT_CONVERSION = YES;
				CLANG_WARN_DEPRECATED_OBJC_IMPLEMENTATIONS = YES;
				CLANG_WARN_DIRECT_OBJC_ISA_USAGE = YES_ERROR;
				CLANG_WARN_DOCUMENTATION_COMMENTS = YES;
				CLANG_WARN_EMPTY_BODY = YES;
				CLANG_WARN_ENUM_CONVERSION = YES;
				CLANG_WARN_INFINITE_RECURSION = YES;
				CLANG_WARN_INT_CONVERSION = YES;
				CLANG_WARN_NON_LITERAL_NULL_CONVERSION = YES;
				CLANG_WARN_OBJC_IMPLICIT_RETAIN_SELF = YES;
				CLANG_WARN_OBJC_LITERAL_CONVERSION = YES;
				CLANG_WARN_OBJC_ROOT_CLASS = YES_ERROR;
				CLANG_WARN_QUOTED_INCLUDE_IN_FRAMEWORK_HEADER = YES;
				CLANG_WARN_RANGE_LOOP_ANALYSIS = YES;
				CLANG_WARN_STRICT_PROTOTYPES = YES;
				CLANG_WARN_SUSPICIOUS_MOVE = YES;
				CLANG_WARN_UNGUARDED_AVAILABILITY = YES_AGGRESSIVE;
				CLANG_WARN_UNREACHABLE_CODE = YES;
				CLANG_WARN__DUPLICATE_METHOD_MATCH = YES;
				COPY_PHASE_STRIP = NO;
				DEBUG_INFORMATION_FORMAT = dwarf;
				ENABLE_STRICT_OBJC_MSGSEND = YES;
				ENABLE_TESTABILITY = YES;
				ENABLE_USER_SCRIPT_SANDBOXING = YES;
				GCC_C_LANGUAGE_STANDARD = gnu17;
				GCC_DYNAMIC_NO_PIC = NO;
				GCC_NO_COMMON_BLOCKS = YES;
				GCC_OPTIMIZATION_LEVEL = 0;
				GCC_PREPROCESSOR_DEFINITIONS = (
					"DEBUG=1",
					"$(inherited)",
				);
				GCC_WARN_64_TO_32_BIT_CONVERSION = YES;
				GCC_WARN_ABOUT_RETURN_TYPE = YES_ERROR;
				GCC_WARN_UNDECLARED_SELECTOR = YES;
				GCC_WARN_UNINITIALIZED_AUTOS = YES_AGGRESSIVE;
				GCC_WARN_UNUSED_FUNCTION = YES;
				GCC_WARN_UNUSED_VARIABLE = YES;
				IPHONEOS_DEPLOYMENT_TARGET = 17.0;
				LOCALIZATION_PREFERS_STRING_CATALOGS = YES;
				MTL_ENABLE_DEBUG_INFO = INCLUDE_SOURCE;
				MTL_FAST_MATH = YES;
				ONLY_ACTIVE_ARCH = YES;
				SDKROOT = iphoneos;
				SWIFT_ACTIVE_COMPILATION_CONDITIONS = "DEBUG $(inherited)";
				SWIFT_OPTIMIZATION_LEVEL = "-Onone";
			};
			name = Debug;
		};
		5951D70B2AE8211D0042C0EB /* Release */ = {
			isa = XCBuildConfiguration;
			buildSettings = {
				ALWAYS_SEARCH_USER_PATHS = NO;
				ASSETCATALOG_COMPILER_GENERATE_SWIFT_ASSET_SYMBOL_EXTENSIONS = YES;
				CLANG_ANALYZER_NONNULL = YES;
				CLANG_ANALYZER_NUMBER_OBJECT_CONVERSION = YES_AGGRESSIVE;
				CLANG_CXX_LANGUAGE_STANDARD = "gnu++20";
				CLANG_ENABLE_MODULES = YES;
				CLANG_ENABLE_OBJC_ARC = YES;
				CLANG_ENABLE_OBJC_WEAK = YES;
				CLANG_WARN_BLOCK_CAPTURE_AUTORELEASING = YES;
				CLANG_WARN_BOOL_CONVERSION = YES;
				CLANG_WARN_COMMA = YES;
				CLANG_WARN_CONSTANT_CONVERSION = YES;
				CLANG_WARN_DEPRECATED_OBJC_IMPLEMENTATIONS = YES;
				CLANG_WARN_DIRECT_OBJC_ISA_USAGE = YES_ERROR;
				CLANG_WARN_DOCUMENTATION_COMMENTS = YES;
				CLANG_WARN_EMPTY_BODY = YES;
				CLANG_WARN_ENUM_CONVERSION = YES;
				CLANG_WARN_INFINITE_RECURSION = YES;
				CLANG_WARN_INT_CONVERSION = YES;
				CLANG_WARN_NON_LITERAL_NULL_CONVERSION = YES;
				CLANG_WARN_OBJC_IMPLICIT_RETAIN_SELF = YES;
				CLANG_WARN_OBJC_LITERAL_CONVERSION = YES;
				CLANG_WARN_OBJC_ROOT_CLASS = YES_ERROR;
				CLANG_WARN_QUOTED_INCLUDE_IN_FRAMEWORK_HEADER = YES;
				CLANG_WARN_RANGE_LOOP_ANALYSIS = YES;
				CLANG_WARN_STRICT_PROTOTYPES = YES;
				CLANG_WARN_SUSPICIOUS_MOVE = YES;
				CLANG_WARN_UNGUARDED_AVAILABILITY = YES_AGGRESSIVE;
				CLANG_WARN_UNREACHABLE_CODE = YES;
				CLANG_WARN__DUPLICATE_METHOD_MATCH = YES;
				COPY_PHASE_STRIP = NO;
				DEBUG_INFORMATION_FORMAT = "dwarf-with-dsym";
				ENABLE_NS_ASSERTIONS = NO;
				ENABLE_STRICT_OBJC_MSGSEND = YES;
				ENABLE_USER_SCRIPT_SANDBOXING = YES;
				GCC_C_LANGUAGE_STANDARD = gnu17;
				GCC_NO_COMMON_BLOCKS = YES;
				GCC_WARN_64_TO_32_BIT_CONVERSION = YES;
				GCC_WARN_ABOUT_RETURN_TYPE = YES_ERROR;
				GCC_WARN_UNDECLARED_SELECTOR = YES;
				GCC_WARN_UNINITIALIZED_AUTOS = YES_AGGRESSIVE;
				GCC_WARN_UNUSED_FUNCTION = YES;
				GCC_WARN_UNUSED_VARIABLE = YES;
				IPHONEOS_DEPLOYMENT_TARGET = 17.0;
				LOCALIZATION_PREFERS_STRING_CATALOGS = YES;
				MTL_ENABLE_DEBUG_INFO = NO;
				MTL_FAST_MATH = YES;
				SDKROOT = iphoneos;
				SWIFT_COMPILATION_MODE = wholemodule;
				VALIDATE_PRODUCT = YES;
			};
			name = Release;
		};
		5951D70D2AE8211D0042C0EB /* Debug */ = {
			isa = XCBuildConfiguration;
			buildSettings = {
				ASSETCATALOG_COMPILER_APPICON_NAME = AppIcon;
				ASSETCATALOG_COMPILER_GLOBAL_ACCENT_COLOR_NAME = AccentColor;
				CODE_SIGN_STYLE = Automatic;
				CURRENT_PROJECT_VERSION = 1;
				DEVELOPMENT_TEAM = HP55LGU644;
				ENABLE_USER_SCRIPT_SANDBOXING = NO;
				GENERATE_INFOPLIST_FILE = YES;
				INFOPLIST_FILE = iosSchool_hshs/Info.plist;
				INFOPLIST_KEY_UIApplicationSupportsIndirectInputEvents = YES;
				INFOPLIST_KEY_UILaunchStoryboardName = LaunchScreen;
				INFOPLIST_KEY_UISupportedInterfaceOrientations_iPad = "UIInterfaceOrientationPortrait UIInterfaceOrientationPortraitUpsideDown UIInterfaceOrientationLandscapeLeft UIInterfaceOrientationLandscapeRight";
				INFOPLIST_KEY_UISupportedInterfaceOrientations_iPhone = "UIInterfaceOrientationPortrait UIInterfaceOrientationLandscapeLeft UIInterfaceOrientationLandscapeRight";
				IPHONEOS_DEPLOYMENT_TARGET = 16.4;
				LD_RUNPATH_SEARCH_PATHS = (
					"$(inherited)",
					"@executable_path/Frameworks",
				);
				MARKETING_VERSION = 1.0;
				PRODUCT_BUNDLE_IDENTIFIER = "my.iosSchool-hshs";
				PRODUCT_NAME = "$(TARGET_NAME)";
				SWIFT_EMIT_LOC_STRINGS = YES;
				SWIFT_VERSION = 5.0;
				TARGETED_DEVICE_FAMILY = "1,2";
			};
			name = Debug;
		};
		5951D70E2AE8211D0042C0EB /* Release */ = {
			isa = XCBuildConfiguration;
			buildSettings = {
				ASSETCATALOG_COMPILER_APPICON_NAME = AppIcon;
				ASSETCATALOG_COMPILER_GLOBAL_ACCENT_COLOR_NAME = AccentColor;
				CODE_SIGN_STYLE = Automatic;
				CURRENT_PROJECT_VERSION = 1;
				DEVELOPMENT_TEAM = HP55LGU644;
				ENABLE_USER_SCRIPT_SANDBOXING = NO;
				GENERATE_INFOPLIST_FILE = YES;
				INFOPLIST_FILE = iosSchool_hshs/Info.plist;
				INFOPLIST_KEY_UIApplicationSupportsIndirectInputEvents = YES;
				INFOPLIST_KEY_UILaunchStoryboardName = LaunchScreen;
				INFOPLIST_KEY_UISupportedInterfaceOrientations_iPad = "UIInterfaceOrientationPortrait UIInterfaceOrientationPortraitUpsideDown UIInterfaceOrientationLandscapeLeft UIInterfaceOrientationLandscapeRight";
				INFOPLIST_KEY_UISupportedInterfaceOrientations_iPhone = "UIInterfaceOrientationPortrait UIInterfaceOrientationLandscapeLeft UIInterfaceOrientationLandscapeRight";
				IPHONEOS_DEPLOYMENT_TARGET = 16.4;
				LD_RUNPATH_SEARCH_PATHS = (
					"$(inherited)",
					"@executable_path/Frameworks",
				);
				MARKETING_VERSION = 1.0;
				PRODUCT_BUNDLE_IDENTIFIER = "my.iosSchool-hshs";
				PRODUCT_NAME = "$(TARGET_NAME)";
				SWIFT_EMIT_LOC_STRINGS = YES;
				SWIFT_VERSION = 5.0;
				TARGETED_DEVICE_FAMILY = "1,2";
			};
			name = Release;
		};
/* End XCBuildConfiguration section */

/* Begin XCConfigurationList section */
		5951D6F32AE8211B0042C0EB /* Build configuration list for PBXProject "iosSchool_hshs" */ = {
			isa = XCConfigurationList;
			buildConfigurations = (
				5951D70A2AE8211D0042C0EB /* Debug */,
				5951D70B2AE8211D0042C0EB /* Release */,
			);
			defaultConfigurationIsVisible = 0;
			defaultConfigurationName = Release;
		};
		5951D70C2AE8211D0042C0EB /* Build configuration list for PBXNativeTarget "iosSchool_hshs" */ = {
			isa = XCConfigurationList;
			buildConfigurations = (
				5951D70D2AE8211D0042C0EB /* Debug */,
				5951D70E2AE8211D0042C0EB /* Release */,
			);
			defaultConfigurationIsVisible = 0;
			defaultConfigurationName = Release;
		};
/* End XCConfigurationList section */
	};
	rootObject = 5951D6F02AE8211B0042C0EB /* Project object */;
}
