// !$*UTF8*$!
{
	archiveVersion = 1;
	classes = {
	};
	objectVersion = 56;
	objects = {

/* Begin PBXBuildFile section */
		5940FB2A2AE92FBA007FBDEF /* CharacterGenerator.swift in Sources */ = {isa = PBXBuildFile; fileRef = 5940FB292AE92FBA007FBDEF /* CharacterGenerator.swift */; };
		5951D6FC2AE8211B0042C0EB /* AppDelegate.swift in Sources */ = {isa = PBXBuildFile; fileRef = 5951D6FB2AE8211B0042C0EB /* AppDelegate.swift */; };
		5951D6FE2AE8211B0042C0EB /* SceneDelegate.swift in Sources */ = {isa = PBXBuildFile; fileRef = 5951D6FD2AE8211B0042C0EB /* SceneDelegate.swift */; };
		5951D7002AE8211B0042C0EB /* ViewController.swift in Sources */ = {isa = PBXBuildFile; fileRef = 5951D6FF2AE8211B0042C0EB /* ViewController.swift */; };
		5951D7052AE8211D0042C0EB /* Assets.xcassets in Resources */ = {isa = PBXBuildFile; fileRef = 5951D7042AE8211D0042C0EB /* Assets.xcassets */; };
		5951D7082AE8211D0042C0EB /* LaunchScreen.storyboard in Resources */ = {isa = PBXBuildFile; fileRef = 5951D7062AE8211D0042C0EB /* LaunchScreen.storyboard */; };
		5951D7102AE8267B0042C0EB /* ColorGenerator.swift in Sources */ = {isa = PBXBuildFile; fileRef = 5951D70F2AE8267B0042C0EB /* ColorGenerator.swift */; };
		596018F62AEAA5CE00AB04A5 /* Assembly.swift in Sources */ = {isa = PBXBuildFile; fileRef = 596018F52AEAA5CE00AB04A5 /* Assembly.swift */; };
		59CE9CC52AF9185C00E5A110 /* BaseCoordinator.swift in Sources */ = {isa = PBXBuildFile; fileRef = 59CE9CC42AF9185C00E5A110 /* BaseCoordinator.swift */; };
		59CE9CC72AF9194000E5A110 /* AppCoordinator.swift in Sources */ = {isa = PBXBuildFile; fileRef = 59CE9CC62AF9194000E5A110 /* AppCoordinator.swift */; };
		59CE9CCB2AF922E900E5A110 /* AuthViewController.swift in Sources */ = {isa = PBXBuildFile; fileRef = 59CE9CCA2AF922E900E5A110 /* AuthViewController.swift */; };
		59CE9CCD2AF9230D00E5A110 /* AuthView.swift in Sources */ = {isa = PBXBuildFile; fileRef = 59CE9CCC2AF9230D00E5A110 /* AuthView.swift */; };
		59CE9CCF2AF9242B00E5A110 /* AuthViewData.swift in Sources */ = {isa = PBXBuildFile; fileRef = 59CE9CCE2AF9242B00E5A110 /* AuthViewData.swift */; };
		59CE9CD12AF9245800E5A110 /* AuthDataProvider.swift in Sources */ = {isa = PBXBuildFile; fileRef = 59CE9CD02AF9245800E5A110 /* AuthDataProvider.swift */; };
		59CE9CD32AF9249600E5A110 /* AuthAssembly.swift in Sources */ = {isa = PBXBuildFile; fileRef = 59CE9CD22AF9249600E5A110 /* AuthAssembly.swift */; };
		59CE9CD52AF9261800E5A110 /* AuthCoordinator.swift in Sources */ = {isa = PBXBuildFile; fileRef = 59CE9CD42AF9261800E5A110 /* AuthCoordinator.swift */; };
/* End PBXBuildFile section */

/* Begin PBXFileReference section */
		5940FB292AE92FBA007FBDEF /* CharacterGenerator.swift */ = {isa = PBXFileReference; lastKnownFileType = sourcecode.swift; path = CharacterGenerator.swift; sourceTree = "<group>"; };
		5951D6F82AE8211B0042C0EB /* iosSchool_hshs.app */ = {isa = PBXFileReference; explicitFileType = wrapper.application; includeInIndex = 0; path = iosSchool_hshs.app; sourceTree = BUILT_PRODUCTS_DIR; };
		5951D6FB2AE8211B0042C0EB /* AppDelegate.swift */ = {isa = PBXFileReference; lastKnownFileType = sourcecode.swift; path = AppDelegate.swift; sourceTree = "<group>"; };
		5951D6FD2AE8211B0042C0EB /* SceneDelegate.swift */ = {isa = PBXFileReference; lastKnownFileType = sourcecode.swift; path = SceneDelegate.swift; sourceTree = "<group>"; };
		5951D6FF2AE8211B0042C0EB /* ViewController.swift */ = {isa = PBXFileReference; lastKnownFileType = sourcecode.swift; path = ViewController.swift; sourceTree = "<group>"; };
		5951D7042AE8211D0042C0EB /* Assets.xcassets */ = {isa = PBXFileReference; lastKnownFileType = folder.assetcatalog; path = Assets.xcassets; sourceTree = "<group>"; };
		5951D7072AE8211D0042C0EB /* Base */ = {isa = PBXFileReference; lastKnownFileType = file.storyboard; name = Base; path = Base.lproj/LaunchScreen.storyboard; sourceTree = "<group>"; };
		5951D7092AE8211D0042C0EB /* Info.plist */ = {isa = PBXFileReference; lastKnownFileType = text.plist.xml; path = Info.plist; sourceTree = "<group>"; };
		5951D70F2AE8267B0042C0EB /* ColorGenerator.swift */ = {isa = PBXFileReference; lastKnownFileType = sourcecode.swift; path = ColorGenerator.swift; sourceTree = "<group>"; };
		596018F52AEAA5CE00AB04A5 /* Assembly.swift */ = {isa = PBXFileReference; lastKnownFileType = sourcecode.swift; path = Assembly.swift; sourceTree = "<group>"; };
		59CE9CC42AF9185C00E5A110 /* BaseCoordinator.swift */ = {isa = PBXFileReference; lastKnownFileType = sourcecode.swift; path = BaseCoordinator.swift; sourceTree = "<group>"; };
		59CE9CC62AF9194000E5A110 /* AppCoordinator.swift */ = {isa = PBXFileReference; lastKnownFileType = sourcecode.swift; path = AppCoordinator.swift; sourceTree = "<group>"; };
		59CE9CCA2AF922E900E5A110 /* AuthViewController.swift */ = {isa = PBXFileReference; lastKnownFileType = sourcecode.swift; path = AuthViewController.swift; sourceTree = "<group>"; };
		59CE9CCC2AF9230D00E5A110 /* AuthView.swift */ = {isa = PBXFileReference; lastKnownFileType = sourcecode.swift; path = AuthView.swift; sourceTree = "<group>"; };
		59CE9CCE2AF9242B00E5A110 /* AuthViewData.swift */ = {isa = PBXFileReference; lastKnownFileType = sourcecode.swift; path = AuthViewData.swift; sourceTree = "<group>"; };
		59CE9CD02AF9245800E5A110 /* AuthDataProvider.swift */ = {isa = PBXFileReference; lastKnownFileType = sourcecode.swift; path = AuthDataProvider.swift; sourceTree = "<group>"; };
		59CE9CD22AF9249600E5A110 /* AuthAssembly.swift */ = {isa = PBXFileReference; lastKnownFileType = sourcecode.swift; path = AuthAssembly.swift; sourceTree = "<group>"; };
		59CE9CD42AF9261800E5A110 /* AuthCoordinator.swift */ = {isa = PBXFileReference; lastKnownFileType = sourcecode.swift; path = AuthCoordinator.swift; sourceTree = "<group>"; };
/* End PBXFileReference section */

/* Begin PBXFrameworksBuildPhase section */
		5951D6F52AE8211B0042C0EB /* Frameworks */ = {
			isa = PBXFrameworksBuildPhase;
			buildActionMask = 2147483647;
			files = (
			);
			runOnlyForDeploymentPostprocessing = 0;
		};
/* End PBXFrameworksBuildPhase section */

/* Begin PBXGroup section */
		5951D6EF2AE8211B0042C0EB = {
			isa = PBXGroup;
			children = (
				5951D6FA2AE8211B0042C0EB /* iosSchool_hshs */,
				5951D6F92AE8211B0042C0EB /* Products */,
			);
			sourceTree = "<group>";
		};
		5951D6F92AE8211B0042C0EB /* Products */ = {
			isa = PBXGroup;
			children = (
				5951D6F82AE8211B0042C0EB /* iosSchool_hshs.app */,
			);
			name = Products;
			sourceTree = "<group>";
		};
		5951D6FA2AE8211B0042C0EB /* iosSchool_hshs */ = {
			isa = PBXGroup;
			children = (
				59CE9CC82AF9222E00E5A110 /* Modules */,
				5940FB292AE92FBA007FBDEF /* CharacterGenerator.swift */,
				5951D70F2AE8267B0042C0EB /* ColorGenerator.swift */,
				5951D6FB2AE8211B0042C0EB /* AppDelegate.swift */,
				5951D6FD2AE8211B0042C0EB /* SceneDelegate.swift */,
				5951D6FF2AE8211B0042C0EB /* ViewController.swift */,
				5951D7042AE8211D0042C0EB /* Assets.xcassets */,
				5951D7062AE8211D0042C0EB /* LaunchScreen.storyboard */,
				5951D7092AE8211D0042C0EB /* Info.plist */,
				596018F52AEAA5CE00AB04A5 /* Assembly.swift */,
				59CE9CC62AF9194000E5A110 /* AppCoordinator.swift */,
				59CE9CC42AF9185C00E5A110 /* BaseCoordinator.swift */,
			);
			path = iosSchool_hshs;
			sourceTree = "<group>";
		};
		59CE9CC82AF9222E00E5A110 /* Modules */ = {
			isa = PBXGroup;
			children = (
				59CE9CC92AF9225300E5A110 /* Auth */,
			);
			path = Modules;
			sourceTree = "<group>";
		};
		59CE9CC92AF9225300E5A110 /* Auth */ = {
			isa = PBXGroup;
			children = (
				59CE9CCA2AF922E900E5A110 /* AuthViewController.swift */,
				59CE9CCC2AF9230D00E5A110 /* AuthView.swift */,
				59CE9CCE2AF9242B00E5A110 /* AuthViewData.swift */,
				59CE9CD02AF9245800E5A110 /* AuthDataProvider.swift */,
				59CE9CD22AF9249600E5A110 /* AuthAssembly.swift */,
				59CE9CD42AF9261800E5A110 /* AuthCoordinator.swift */,
			);
			path = Auth;
			sourceTree = "<group>";
		};
/* End PBXGroup section */

/* Begin PBXNativeTarget section */
		5951D6F72AE8211B0042C0EB /* iosSchool_hshs */ = {
			isa = PBXNativeTarget;
			buildConfigurationList = 5951D70C2AE8211D0042C0EB /* Build configuration list for PBXNativeTarget "iosSchool_hshs" */;
			buildPhases = (
				5951D6F42AE8211B0042C0EB /* Sources */,
				5951D6F52AE8211B0042C0EB /* Frameworks */,
				5951D6F62AE8211B0042C0EB /* Resources */,
				5951D7112AE828070042C0EB /* ShellScript */,
			);
			buildRules = (
			);
			dependencies = (
			);
			name = iosSchool_hshs;
			productName = iosSchool_hshs;
			productReference = 5951D6F82AE8211B0042C0EB /* iosSchool_hshs.app */;
			productType = "com.apple.product-type.application";
		};
/* End PBXNativeTarget section */

/* Begin PBXProject section */
		5951D6F02AE8211B0042C0EB /* Project object */ = {
			isa = PBXProject;
			attributes = {
				BuildIndependentTargetsInParallel = 1;
				LastSwiftUpdateCheck = 1500;
				LastUpgradeCheck = 1500;
				TargetAttributes = {
					5951D6F72AE8211B0042C0EB = {
						CreatedOnToolsVersion = 15.0;
					};
				};
			};
			buildConfigurationList = 5951D6F32AE8211B0042C0EB /* Build configuration list for PBXProject "iosSchool_hshs" */;
			compatibilityVersion = "Xcode 14.0";
			developmentRegion = en;
			hasScannedForEncodings = 0;
			knownRegions = (
				en,
				Base,
			);
			mainGroup = 5951D6EF2AE8211B0042C0EB;
			productRefGroup = 5951D6F92AE8211B0042C0EB /* Products */;
			projectDirPath = "";
			projectRoot = "";
			targets = (
				5951D6F72AE8211B0042C0EB /* iosSchool_hshs */,
			);
		};
/* End PBXProject section */

/* Begin PBXResourcesBuildPhase section */
		5951D6F62AE8211B0042C0EB /* Resources */ = {
			isa = PBXResourcesBuildPhase;
			buildActionMask = 2147483647;
			files = (
				5951D7082AE8211D0042C0EB /* LaunchScreen.storyboard in Resources */,
				5951D7052AE8211D0042C0EB /* Assets.xcassets in Resources */,
			);
			runOnlyForDeploymentPostprocessing = 0;
		};
/* End PBXResourcesBuildPhase section */

/* Begin PBXShellScriptBuildPhase section */
		5951D7112AE828070042C0EB /* ShellScript */ = {
			isa = PBXShellScriptBuildPhase;
			alwaysOutOfDate = 1;
			buildActionMask = 2147483647;
			files = (
			);
			inputFileListPaths = (
			);
			inputPaths = (
			);
			outputFileListPaths = (
			);
			outputPaths = (
			);
			runOnlyForDeploymentPostprocessing = 0;
			shellPath = /bin/sh;
			shellScript = "export PATH=\"$PATH:/opt/homebrew/bin\"\nif which swiftlint > /dev/null; then\n  swiftlint\nelse\n  echo \"warning: SwiftLint not installed\"\nfi\n";
			showEnvVarsInLog = 0;
		};
/* End PBXShellScriptBuildPhase section */

/* Begin PBXSourcesBuildPhase section */
		5951D6F42AE8211B0042C0EB /* Sources */ = {
			isa = PBXSourcesBuildPhase;
			buildActionMask = 2147483647;
			files = (
				5951D7002AE8211B0042C0EB /* ViewController.swift in Sources */,
				596018F62AEAA5CE00AB04A5 /* Assembly.swift in Sources */,
				5951D7102AE8267B0042C0EB /* ColorGenerator.swift in Sources */,
				59CE9CC52AF9185C00E5A110 /* BaseCoordinator.swift in Sources */,
				59CE9CD52AF9261800E5A110 /* AuthCoordinator.swift in Sources */,
				59CE9CC72AF9194000E5A110 /* AppCoordinator.swift in Sources */,
				5951D6FC2AE8211B0042C0EB /* AppDelegate.swift in Sources */,
				59CE9CCF2AF9242B00E5A110 /* AuthViewData.swift in Sources */,
				59CE9CCD2AF9230D00E5A110 /* AuthView.swift in Sources */,
				59CE9CD12AF9245800E5A110 /* AuthDataProvider.swift in Sources */,
				5940FB2A2AE92FBA007FBDEF /* CharacterGenerator.swift in Sources */,
				59CE9CCB2AF922E900E5A110 /* AuthViewController.swift in Sources */,
				5951D6FE2AE8211B0042C0EB /* SceneDelegate.swift in Sources */,
				59CE9CD32AF9249600E5A110 /* AuthAssembly.swift in Sources */,
			);
			runOnlyForDeploymentPostprocessing = 0;
		};
/* End PBXSourcesBuildPhase section */

/* Begin PBXVariantGroup section */
		5951D7062AE8211D0042C0EB /* LaunchScreen.storyboard */ = {
			isa = PBXVariantGroup;
			children = (
				5951D7072AE8211D0042C0EB /* Base */,
			);
			name = LaunchScreen.storyboard;
			sourceTree = "<group>";
		};
/* End PBXVariantGroup section */

/* Begin XCBuildConfiguration section */
		5951D70A2AE8211D0042C0EB /* Debug */ = {
			isa = XCBuildConfiguration;
			buildSettings = {
				ALWAYS_SEARCH_USER_PATHS = NO;
				ASSETCATALOG_COMPILER_GENERATE_SWIFT_ASSET_SYMBOL_EXTENSIONS = YES;
				CLANG_ANALYZER_NONNULL = YES;
				CLANG_ANALYZER_NUMBER_OBJECT_CONVERSION = YES_AGGRESSIVE;
				CLANG_CXX_LANGUAGE_STANDARD = "gnu++20";
				CLANG_ENABLE_MODULES = YES;
				CLANG_ENABLE_OBJC_ARC = YES;
				CLANG_ENABLE_OBJC_WEAK = YES;
				CLANG_WARN_BLOCK_CAPTURE_AUTORELEASING = YES;
				CLANG_WARN_BOOL_CONVERSION = YES;
				CLANG_WARN_COMMA = YES;
				CLANG_WARN_CONSTANT_CONVERSION = YES;
				CLANG_WARN_DEPRECATED_OBJC_IMPLEMENTATIONS = YES;
				CLANG_WARN_DIRECT_OBJC_ISA_USAGE = YES_ERROR;
				CLANG_WARN_DOCUMENTATION_COMMENTS = YES;
				CLANG_WARN_EMPTY_BODY = YES;
				CLANG_WARN_ENUM_CONVERSION = YES;
				CLANG_WARN_INFINITE_RECURSION = YES;
				CLANG_WARN_INT_CONVERSION = YES;
				CLANG_WARN_NON_LITERAL_NULL_CONVERSION = YES;
				CLANG_WARN_OBJC_IMPLICIT_RETAIN_SELF = YES;
				CLANG_WARN_OBJC_LITERAL_CONVERSION = YES;
				CLANG_WARN_OBJC_ROOT_CLASS = YES_ERROR;
				CLANG_WARN_QUOTED_INCLUDE_IN_FRAMEWORK_HEADER = YES;
				CLANG_WARN_RANGE_LOOP_ANALYSIS = YES;
				CLANG_WARN_STRICT_PROTOTYPES = YES;
				CLANG_WARN_SUSPICIOUS_MOVE = YES;
				CLANG_WARN_UNGUARDED_AVAILABILITY = YES_AGGRESSIVE;
				CLANG_WARN_UNREACHABLE_CODE = YES;
				CLANG_WARN__DUPLICATE_METHOD_MATCH = YES;
				COPY_PHASE_STRIP = NO;
				DEBUG_INFORMATION_FORMAT = dwarf;
				ENABLE_STRICT_OBJC_MSGSEND = YES;
				ENABLE_TESTABILITY = YES;
				ENABLE_USER_SCRIPT_SANDBOXING = YES;
				GCC_C_LANGUAGE_STANDARD = gnu17;
				GCC_DYNAMIC_NO_PIC = NO;
				GCC_NO_COMMON_BLOCKS = YES;
				GCC_OPTIMIZATION_LEVEL = 0;
				GCC_PREPROCESSOR_DEFINITIONS = (
					"DEBUG=1",
					"$(inherited)",
				);
				GCC_WARN_64_TO_32_BIT_CONVERSION = YES;
				GCC_WARN_ABOUT_RETURN_TYPE = YES_ERROR;
				GCC_WARN_UNDECLARED_SELECTOR = YES;
				GCC_WARN_UNINITIALIZED_AUTOS = YES_AGGRESSIVE;
				GCC_WARN_UNUSED_FUNCTION = YES;
				GCC_WARN_UNUSED_VARIABLE = YES;
				IPHONEOS_DEPLOYMENT_TARGET = 17.0;
				LOCALIZATION_PREFERS_STRING_CATALOGS = YES;
				MTL_ENABLE_DEBUG_INFO = INCLUDE_SOURCE;
				MTL_FAST_MATH = YES;
				ONLY_ACTIVE_ARCH = YES;
				SDKROOT = iphoneos;
				SWIFT_ACTIVE_COMPILATION_CONDITIONS = "DEBUG $(inherited)";
				SWIFT_OPTIMIZATION_LEVEL = "-Onone";
			};
			name = Debug;
		};
		5951D70B2AE8211D0042C0EB /* Release */ = {
			isa = XCBuildConfiguration;
			buildSettings = {
				ALWAYS_SEARCH_USER_PATHS = NO;
				ASSETCATALOG_COMPILER_GENERATE_SWIFT_ASSET_SYMBOL_EXTENSIONS = YES;
				CLANG_ANALYZER_NONNULL = YES;
				CLANG_ANALYZER_NUMBER_OBJECT_CONVERSION = YES_AGGRESSIVE;
				CLANG_CXX_LANGUAGE_STANDARD = "gnu++20";
				CLANG_ENABLE_MODULES = YES;
				CLANG_ENABLE_OBJC_ARC = YES;
				CLANG_ENABLE_OBJC_WEAK = YES;
				CLANG_WARN_BLOCK_CAPTURE_AUTORELEASING = YES;
				CLANG_WARN_BOOL_CONVERSION = YES;
				CLANG_WARN_COMMA = YES;
				CLANG_WARN_CONSTANT_CONVERSION = YES;
				CLANG_WARN_DEPRECATED_OBJC_IMPLEMENTATIONS = YES;
				CLANG_WARN_DIRECT_OBJC_ISA_USAGE = YES_ERROR;
				CLANG_WARN_DOCUMENTATION_COMMENTS = YES;
				CLANG_WARN_EMPTY_BODY = YES;
				CLANG_WARN_ENUM_CONVERSION = YES;
				CLANG_WARN_INFINITE_RECURSION = YES;
				CLANG_WARN_INT_CONVERSION = YES;
				CLANG_WARN_NON_LITERAL_NULL_CONVERSION = YES;
				CLANG_WARN_OBJC_IMPLICIT_RETAIN_SELF = YES;
				CLANG_WARN_OBJC_LITERAL_CONVERSION = YES;
				CLANG_WARN_OBJC_ROOT_CLASS = YES_ERROR;
				CLANG_WARN_QUOTED_INCLUDE_IN_FRAMEWORK_HEADER = YES;
				CLANG_WARN_RANGE_LOOP_ANALYSIS = YES;
				CLANG_WARN_STRICT_PROTOTYPES = YES;
				CLANG_WARN_SUSPICIOUS_MOVE = YES;
				CLANG_WARN_UNGUARDED_AVAILABILITY = YES_AGGRESSIVE;
				CLANG_WARN_UNREACHABLE_CODE = YES;
				CLANG_WARN__DUPLICATE_METHOD_MATCH = YES;
				COPY_PHASE_STRIP = NO;
				DEBUG_INFORMATION_FORMAT = "dwarf-with-dsym";
				ENABLE_NS_ASSERTIONS = NO;
				ENABLE_STRICT_OBJC_MSGSEND = YES;
				ENABLE_USER_SCRIPT_SANDBOXING = YES;
				GCC_C_LANGUAGE_STANDARD = gnu17;
				GCC_NO_COMMON_BLOCKS = YES;
				GCC_WARN_64_TO_32_BIT_CONVERSION = YES;
				GCC_WARN_ABOUT_RETURN_TYPE = YES_ERROR;
				GCC_WARN_UNDECLARED_SELECTOR = YES;
				GCC_WARN_UNINITIALIZED_AUTOS = YES_AGGRESSIVE;
				GCC_WARN_UNUSED_FUNCTION = YES;
				GCC_WARN_UNUSED_VARIABLE = YES;
				IPHONEOS_DEPLOYMENT_TARGET = 17.0;
				LOCALIZATION_PREFERS_STRING_CATALOGS = YES;
				MTL_ENABLE_DEBUG_INFO = NO;
				MTL_FAST_MATH = YES;
				SDKROOT = iphoneos;
				SWIFT_COMPILATION_MODE = wholemodule;
				VALIDATE_PRODUCT = YES;
			};
			name = Release;
		};
		5951D70D2AE8211D0042C0EB /* Debug */ = {
			isa = XCBuildConfiguration;
			buildSettings = {
				ASSETCATALOG_COMPILER_APPICON_NAME = AppIcon;
				ASSETCATALOG_COMPILER_GLOBAL_ACCENT_COLOR_NAME = AccentColor;
				CODE_SIGN_STYLE = Automatic;
				CURRENT_PROJECT_VERSION = 1;
				DEVELOPMENT_TEAM = HP55LGU644;
				ENABLE_USER_SCRIPT_SANDBOXING = NO;
				GENERATE_INFOPLIST_FILE = YES;
				INFOPLIST_FILE = iosSchool_hshs/Info.plist;
				INFOPLIST_KEY_UIApplicationSupportsIndirectInputEvents = YES;
				INFOPLIST_KEY_UILaunchStoryboardName = LaunchScreen;
				INFOPLIST_KEY_UISupportedInterfaceOrientations_iPad = "UIInterfaceOrientationPortrait UIInterfaceOrientationPortraitUpsideDown UIInterfaceOrientationLandscapeLeft UIInterfaceOrientationLandscapeRight";
				INFOPLIST_KEY_UISupportedInterfaceOrientations_iPhone = "UIInterfaceOrientationPortrait UIInterfaceOrientationLandscapeLeft UIInterfaceOrientationLandscapeRight";
				LD_RUNPATH_SEARCH_PATHS = (
					"$(inherited)",
					"@executable_path/Frameworks",
				);
				MARKETING_VERSION = 1.0;
				PRODUCT_BUNDLE_IDENTIFIER = "my.iosSchool-hshs";
				PRODUCT_NAME = "$(TARGET_NAME)";
				SWIFT_EMIT_LOC_STRINGS = YES;
				SWIFT_VERSION = 5.0;
				TARGETED_DEVICE_FAMILY = "1,2";
			};
			name = Debug;
		};
		5951D70E2AE8211D0042C0EB /* Release */ = {
			isa = XCBuildConfiguration;
			buildSettings = {
				ASSETCATALOG_COMPILER_APPICON_NAME = AppIcon;
				ASSETCATALOG_COMPILER_GLOBAL_ACCENT_COLOR_NAME = AccentColor;
				CODE_SIGN_STYLE = Automatic;
				CURRENT_PROJECT_VERSION = 1;
				DEVELOPMENT_TEAM = HP55LGU644;
				ENABLE_USER_SCRIPT_SANDBOXING = NO;
				GENERATE_INFOPLIST_FILE = YES;
				INFOPLIST_FILE = iosSchool_hshs/Info.plist;
				INFOPLIST_KEY_UIApplicationSupportsIndirectInputEvents = YES;
				INFOPLIST_KEY_UILaunchStoryboardName = LaunchScreen;
				INFOPLIST_KEY_UISupportedInterfaceOrientations_iPad = "UIInterfaceOrientationPortrait UIInterfaceOrientationPortraitUpsideDown UIInterfaceOrientationLandscapeLeft UIInterfaceOrientationLandscapeRight";
				INFOPLIST_KEY_UISupportedInterfaceOrientations_iPhone = "UIInterfaceOrientationPortrait UIInterfaceOrientationLandscapeLeft UIInterfaceOrientationLandscapeRight";
				LD_RUNPATH_SEARCH_PATHS = (
					"$(inherited)",
					"@executable_path/Frameworks",
				);
				MARKETING_VERSION = 1.0;
				PRODUCT_BUNDLE_IDENTIFIER = "my.iosSchool-hshs";
				PRODUCT_NAME = "$(TARGET_NAME)";
				SWIFT_EMIT_LOC_STRINGS = YES;
				SWIFT_VERSION = 5.0;
				TARGETED_DEVICE_FAMILY = "1,2";
			};
			name = Release;
		};
/* End XCBuildConfiguration section */

/* Begin XCConfigurationList section */
		5951D6F32AE8211B0042C0EB /* Build configuration list for PBXProject "iosSchool_hshs" */ = {
			isa = XCConfigurationList;
			buildConfigurations = (
				5951D70A2AE8211D0042C0EB /* Debug */,
				5951D70B2AE8211D0042C0EB /* Release */,
			);
			defaultConfigurationIsVisible = 0;
			defaultConfigurationName = Release;
		};
		5951D70C2AE8211D0042C0EB /* Build configuration list for PBXNativeTarget "iosSchool_hshs" */ = {
			isa = XCConfigurationList;
			buildConfigurations = (
				5951D70D2AE8211D0042C0EB /* Debug */,
				5951D70E2AE8211D0042C0EB /* Release */,
			);
			defaultConfigurationIsVisible = 0;
			defaultConfigurationName = Release;
		};
/* End XCConfigurationList section */
	};
	rootObject = 5951D6F02AE8211B0042C0EB /* Project object */;
}
